
Microsoft Visual Studio Solution File, Format Version 12.00
# Visual Studio Version 16
VisualStudioVersion = 16.0.30523.141
MinimumVisualStudioVersion = 10.0.40219.1
Project("{FAE04EC0-301F-11D3-BF4B-00C04F79EFBC}") = "DatabaseFromApplication", "DatabaseFromApplication.csproj", "{D934A006-3703-4035-8E72-85961E11A0B9}"
EndProject
Global
	GlobalSection(SolutionConfigurationPlatforms) = preSolution
		Debug|Any CPU = Debug|Any CPU
		Release|Any CPU = Release|Any CPU
	EndGlobalSection
	GlobalSection(ProjectConfigurationPlatforms) = postSolution
		{D934A006-3703-4035-8E72-85961E11A0B9}.Debug|Any CPU.ActiveCfg = Debug|Any CPU
		{D934A006-3703-4035-8E72-85961E11A0B9}.Debug|Any CPU.Build.0 = Debug|Any CPU
		{D934A006-3703-4035-8E72-85961E11A0B9}.Release|Any CPU.ActiveCfg = Release|Any CPU
		{D934A006-3703-4035-8E72-85961E11A0B9}.Release|Any CPU.Build.0 = Release|Any CPU
	EndGlobalSection
	GlobalSection(SolutionProperties) = preSolution
		HideSolutionNode = FALSE
	EndGlobalSection
	GlobalSection(ExtensibilityGlobals) = postSolution
		SolutionGuid = {B44C104C-DF35-4C30-9C37-D77850BD9186}
	EndGlobalSection
EndGlobal
